
Microsoft Visual Studio Solution File, Format Version 12.00
# Visual Studio 15
VisualStudioVersion = 15.0.28307.168
MinimumVisualStudioVersion = 10.0.40219.1
Project("{FAE04EC0-301F-11D3-BF4B-00C04F79EFBC}") = "queensnxn", "queensnxn\queensnxn.csproj", "{A1179224-D43F-4A31-8082-9D6C12163573}"
EndProject
Global
	GlobalSection(SolutionConfigurationPlatforms) = preSolution
		Debug|Any CPU = Debug|Any CPU
		Release|Any CPU = Release|Any CPU
	EndGlobalSection
	GlobalSection(ProjectConfigurationPlatforms) = postSolution
		{A1179224-D43F-4A31-8082-9D6C12163573}.Debug|Any CPU.ActiveCfg = Debug|Any CPU
		{A1179224-D43F-4A31-8082-9D6C12163573}.Debug|Any CPU.Build.0 = Debug|Any CPU
		{A1179224-D43F-4A31-8082-9D6C12163573}.Release|Any CPU.ActiveCfg = Release|Any CPU
		{A1179224-D43F-4A31-8082-9D6C12163573}.Release|Any CPU.Build.0 = Release|Any CPU
	EndGlobalSection
	GlobalSection(SolutionProperties) = preSolution
		HideSolutionNode = FALSE
	EndGlobalSection
	GlobalSection(ExtensibilityGlobals) = postSolution
		SolutionGuid = {A2479C8F-9110-43E3-924A-554A008AD276}
	EndGlobalSection
EndGlobal
